
Microsoft Visual Studio Solution File, Format Version 12.00
# Visual Studio Version 16
VisualStudioVersion = 16.0.30225.117
MinimumVisualStudioVersion = 10.0.40219.1
Project("{FAE04EC0-301F-11D3-BF4B-00C04F79EFBC}") = "Demo_Idp4", "Demo_Idp4\Demo_Idp4.csproj", "{6BA77CEC-321A-4504-8AA9-7D8CEBB34155}"
EndProject
Global
	GlobalSection(SolutionConfigurationPlatforms) = preSolution
		Debug|Any CPU = Debug|Any CPU
		Release|Any CPU = Release|Any CPU
	EndGlobalSection
	GlobalSection(ProjectConfigurationPlatforms) = postSolution
		{6BA77CEC-321A-4504-8AA9-7D8CEBB34155}.Debug|Any CPU.ActiveCfg = Debug|Any CPU
		{6BA77CEC-321A-4504-8AA9-7D8CEBB34155}.Debug|Any CPU.Build.0 = Debug|Any CPU
		{6BA77CEC-321A-4504-8AA9-7D8CEBB34155}.Release|Any CPU.ActiveCfg = Release|Any CPU
		{6BA77CEC-321A-4504-8AA9-7D8CEBB34155}.Release|Any CPU.Build.0 = Release|Any CPU
	EndGlobalSection
	GlobalSection(SolutionProperties) = preSolution
		HideSolutionNode = FALSE
	EndGlobalSection
	GlobalSection(ExtensibilityGlobals) = postSolution
		SolutionGuid = {7CEF157A-5883-4DD7-AC3A-54819BEE4DF5}
	EndGlobalSection
EndGlobal
