
Microsoft Visual Studio Solution File, Format Version 12.00
# Visual Studio Version 16
VisualStudioVersion = 16.0.30413.136
MinimumVisualStudioVersion = 10.0.40219.1
Project("{FAE04EC0-301F-11D3-BF4B-00C04F79EFBC}") = "BlazorServer_TodoList", "BlazorServer_TodoList\BlazorServer_TodoList.csproj", "{347FE857-C625-4534-964A-05EB6A89D8BE}"
EndProject
Project("{FAE04EC0-301F-11D3-BF4B-00C04F79EFBC}") = "BlazorWebAssembly", "BlazorWebAssembly\BlazorWebAssembly.csproj", "{E654821D-D969-4DB7-8139-F5E72321DF3C}"
EndProject
Global
	GlobalSection(SolutionConfigurationPlatforms) = preSolution
		Debug|Any CPU = Debug|Any CPU
		Release|Any CPU = Release|Any CPU
	EndGlobalSection
	GlobalSection(ProjectConfigurationPlatforms) = postSolution
		{347FE857-C625-4534-964A-05EB6A89D8BE}.Debug|Any CPU.ActiveCfg = Debug|Any CPU
		{347FE857-C625-4534-964A-05EB6A89D8BE}.Debug|Any CPU.Build.0 = Debug|Any CPU
		{347FE857-C625-4534-964A-05EB6A89D8BE}.Release|Any CPU.ActiveCfg = Release|Any CPU
		{347FE857-C625-4534-964A-05EB6A89D8BE}.Release|Any CPU.Build.0 = Release|Any CPU
		{E654821D-D969-4DB7-8139-F5E72321DF3C}.Debug|Any CPU.ActiveCfg = Debug|Any CPU
		{E654821D-D969-4DB7-8139-F5E72321DF3C}.Debug|Any CPU.Build.0 = Debug|Any CPU
		{E654821D-D969-4DB7-8139-F5E72321DF3C}.Release|Any CPU.ActiveCfg = Release|Any CPU
		{E654821D-D969-4DB7-8139-F5E72321DF3C}.Release|Any CPU.Build.0 = Release|Any CPU
	EndGlobalSection
	GlobalSection(SolutionProperties) = preSolution
		HideSolutionNode = FALSE
	EndGlobalSection
	GlobalSection(ExtensibilityGlobals) = postSolution
		SolutionGuid = {E29840A9-A686-416A-91EA-CFF201B54E62}
	EndGlobalSection
EndGlobal
