
Microsoft Visual Studio Solution File, Format Version 12.00
# Visual Studio Version 16
VisualStudioVersion = 16.0.30320.27
MinimumVisualStudioVersion = 10.0.40219.1
Project("{9A19103F-16F7-4668-BE54-9A1E7A4F7556}") = "Basic", "Basic\Basic.csproj", "{0E3E56C5-6004-4E23-B6FF-A0F087B7841B}"
EndProject
Project("{9A19103F-16F7-4668-BE54-9A1E7A4F7556}") = "IdentityExample", "IdentityExample\IdentityExample.csproj", "{5113968B-94B0-4485-B35C-691D81CACE89}"
EndProject
Project("{2150E333-8FDC-42A3-9474-1A3956D46DE8}") = "basics", "basics", "{C18B0333-1500-4467-937A-C9317DC7D26B}"
EndProject
Project("{2150E333-8FDC-42A3-9474-1A3956D46DE8}") = "oauth", "oauth", "{8BF50303-D619-4624-B5F6-C868FF044913}"
EndProject
Project("{9A19103F-16F7-4668-BE54-9A1E7A4F7556}") = "Server", "Server\Server.csproj", "{80BA9B3E-FD40-43E5-A137-82829859C0F6}"
EndProject
Project("{9A19103F-16F7-4668-BE54-9A1E7A4F7556}") = "Client", "Client\Client.csproj", "{AB98F19A-9E8F-4582-A64E-075FC2FADDD0}"
EndProject
Project("{9A19103F-16F7-4668-BE54-9A1E7A4F7556}") = "Api", "Api\Api.csproj", "{EAE100B9-E475-4423-B085-495715CA43C7}"
EndProject
Project("{2150E333-8FDC-42A3-9474-1A3956D46DE8}") = "identityServer4", "identityServer4", "{21637800-11CB-48B6-84C8-BA4B64617A12}"
EndProject
Project("{9A19103F-16F7-4668-BE54-9A1E7A4F7556}") = "IdentityServer", "IdentityServer\IdentityServer.csproj", "{DC9BC23B-E5A5-4E89-99B0-7B381451EEF1}"
EndProject
Project("{9A19103F-16F7-4668-BE54-9A1E7A4F7556}") = "ApiOne", "ApiOne\ApiOne.csproj", "{DA6EF634-8312-49DF-872E-DA5CE52C0C9D}"
EndProject
Project("{9A19103F-16F7-4668-BE54-9A1E7A4F7556}") = "ApiTwo", "ApiTwo\ApiTwo.csproj", "{14838B88-F2A1-4EC5-826C-F2651F24160A}"
EndProject
Project("{FAE04EC0-301F-11D3-BF4B-00C04F79EFBC}") = "MvcClient", "MvcClient\MvcClient.csproj", "{943573AF-2566-4621-B827-2010C606117B}"
EndProject
Global
	GlobalSection(SolutionConfigurationPlatforms) = preSolution
		Debug|Any CPU = Debug|Any CPU
		Release|Any CPU = Release|Any CPU
	EndGlobalSection
	GlobalSection(ProjectConfigurationPlatforms) = postSolution
		{0E3E56C5-6004-4E23-B6FF-A0F087B7841B}.Debug|Any CPU.ActiveCfg = Debug|Any CPU
		{0E3E56C5-6004-4E23-B6FF-A0F087B7841B}.Debug|Any CPU.Build.0 = Debug|Any CPU
		{0E3E56C5-6004-4E23-B6FF-A0F087B7841B}.Release|Any CPU.ActiveCfg = Release|Any CPU
		{0E3E56C5-6004-4E23-B6FF-A0F087B7841B}.Release|Any CPU.Build.0 = Release|Any CPU
		{5113968B-94B0-4485-B35C-691D81CACE89}.Debug|Any CPU.ActiveCfg = Debug|Any CPU
		{5113968B-94B0-4485-B35C-691D81CACE89}.Debug|Any CPU.Build.0 = Debug|Any CPU
		{5113968B-94B0-4485-B35C-691D81CACE89}.Release|Any CPU.ActiveCfg = Release|Any CPU
		{5113968B-94B0-4485-B35C-691D81CACE89}.Release|Any CPU.Build.0 = Release|Any CPU
		{80BA9B3E-FD40-43E5-A137-82829859C0F6}.Debug|Any CPU.ActiveCfg = Debug|Any CPU
		{80BA9B3E-FD40-43E5-A137-82829859C0F6}.Debug|Any CPU.Build.0 = Debug|Any CPU
		{80BA9B3E-FD40-43E5-A137-82829859C0F6}.Release|Any CPU.ActiveCfg = Release|Any CPU
		{80BA9B3E-FD40-43E5-A137-82829859C0F6}.Release|Any CPU.Build.0 = Release|Any CPU
		{AB98F19A-9E8F-4582-A64E-075FC2FADDD0}.Debug|Any CPU.ActiveCfg = Debug|Any CPU
		{AB98F19A-9E8F-4582-A64E-075FC2FADDD0}.Debug|Any CPU.Build.0 = Debug|Any CPU
		{AB98F19A-9E8F-4582-A64E-075FC2FADDD0}.Release|Any CPU.ActiveCfg = Release|Any CPU
		{AB98F19A-9E8F-4582-A64E-075FC2FADDD0}.Release|Any CPU.Build.0 = Release|Any CPU
		{EAE100B9-E475-4423-B085-495715CA43C7}.Debug|Any CPU.ActiveCfg = Debug|Any CPU
		{EAE100B9-E475-4423-B085-495715CA43C7}.Debug|Any CPU.Build.0 = Debug|Any CPU
		{EAE100B9-E475-4423-B085-495715CA43C7}.Release|Any CPU.ActiveCfg = Release|Any CPU
		{EAE100B9-E475-4423-B085-495715CA43C7}.Release|Any CPU.Build.0 = Release|Any CPU
		{DC9BC23B-E5A5-4E89-99B0-7B381451EEF1}.Debug|Any CPU.ActiveCfg = Debug|Any CPU
		{DC9BC23B-E5A5-4E89-99B0-7B381451EEF1}.Debug|Any CPU.Build.0 = Debug|Any CPU
		{DC9BC23B-E5A5-4E89-99B0-7B381451EEF1}.Release|Any CPU.ActiveCfg = Release|Any CPU
		{DC9BC23B-E5A5-4E89-99B0-7B381451EEF1}.Release|Any CPU.Build.0 = Release|Any CPU
		{DA6EF634-8312-49DF-872E-DA5CE52C0C9D}.Debug|Any CPU.ActiveCfg = Debug|Any CPU
		{DA6EF634-8312-49DF-872E-DA5CE52C0C9D}.Debug|Any CPU.Build.0 = Debug|Any CPU
		{DA6EF634-8312-49DF-872E-DA5CE52C0C9D}.Release|Any CPU.ActiveCfg = Release|Any CPU
		{DA6EF634-8312-49DF-872E-DA5CE52C0C9D}.Release|Any CPU.Build.0 = Release|Any CPU
		{14838B88-F2A1-4EC5-826C-F2651F24160A}.Debug|Any CPU.ActiveCfg = Debug|Any CPU
		{14838B88-F2A1-4EC5-826C-F2651F24160A}.Debug|Any CPU.Build.0 = Debug|Any CPU
		{14838B88-F2A1-4EC5-826C-F2651F24160A}.Release|Any CPU.ActiveCfg = Release|Any CPU
		{14838B88-F2A1-4EC5-826C-F2651F24160A}.Release|Any CPU.Build.0 = Release|Any CPU
		{943573AF-2566-4621-B827-2010C606117B}.Debug|Any CPU.ActiveCfg = Debug|Any CPU
		{943573AF-2566-4621-B827-2010C606117B}.Debug|Any CPU.Build.0 = Debug|Any CPU
		{943573AF-2566-4621-B827-2010C606117B}.Release|Any CPU.ActiveCfg = Release|Any CPU
		{943573AF-2566-4621-B827-2010C606117B}.Release|Any CPU.Build.0 = Release|Any CPU
	EndGlobalSection
	GlobalSection(SolutionProperties) = preSolution
		HideSolutionNode = FALSE
	EndGlobalSection
	GlobalSection(NestedProjects) = preSolution
		{0E3E56C5-6004-4E23-B6FF-A0F087B7841B} = {C18B0333-1500-4467-937A-C9317DC7D26B}
		{5113968B-94B0-4485-B35C-691D81CACE89} = {C18B0333-1500-4467-937A-C9317DC7D26B}
		{80BA9B3E-FD40-43E5-A137-82829859C0F6} = {8BF50303-D619-4624-B5F6-C868FF044913}
		{AB98F19A-9E8F-4582-A64E-075FC2FADDD0} = {8BF50303-D619-4624-B5F6-C868FF044913}
		{EAE100B9-E475-4423-B085-495715CA43C7} = {8BF50303-D619-4624-B5F6-C868FF044913}
		{DC9BC23B-E5A5-4E89-99B0-7B381451EEF1} = {21637800-11CB-48B6-84C8-BA4B64617A12}
		{DA6EF634-8312-49DF-872E-DA5CE52C0C9D} = {21637800-11CB-48B6-84C8-BA4B64617A12}
		{14838B88-F2A1-4EC5-826C-F2651F24160A} = {21637800-11CB-48B6-84C8-BA4B64617A12}
		{943573AF-2566-4621-B827-2010C606117B} = {21637800-11CB-48B6-84C8-BA4B64617A12}
	EndGlobalSection
	GlobalSection(ExtensibilityGlobals) = postSolution
		SolutionGuid = {FDBEFAEB-539A-485A-90C0-26089643EE16}
	EndGlobalSection
EndGlobal
