{
  "requires": true,
  "lockfileVersion": 1,
  "dependencies": {
    "rxjs": {
      "version": "6.5.3",
      "resolved": "https://registry.npm.taobao.org/rxjs/download/rxjs-6.5.3.tgz?cache=0&sync_timestamp=1568815682378&other_urls=https%3A%2F%2Fregistry.npm.taobao.org%2Frxjs%2Fdownload%2Frxjs-6.5.3.tgz",
      "integrity": "sha1-UQ4mMX9NuRp+sd532d2boKSJmjo=",
      "dev": true,
      "requires": {
        "tslib": "^1.9.0"
      }
    },
    "tslib": {
      "version": "1.10.0",
      "resolved": "https://registry.npm.taobao.org/tslib/download/tslib-1.10.0.tgz",
      "integrity": "sha1-w8GflZc/sKYpc/sJ2Q2WHuQ+XIo="
    }
  }
}
