
Microsoft Visual Studio Solution File, Format Version 12.00
# Visual Studio Version 16
VisualStudioVersion = 16.0.30413.136
MinimumVisualStudioVersion = 10.0.40219.1
Project("{9A19103F-16F7-4668-BE54-9A1E7A4F7556}") = "BlazorServer", "BlazorServer\BlazorServer.csproj", "{25833B52-5E22-4CE6-937E-B69EF7DD0F4A}"
EndProject
Project("{9A19103F-16F7-4668-BE54-9A1E7A4F7556}") = "BlazorWebAssembly", "BlazorWebAssembly\BlazorWebAssembly.csproj", "{45303BA5-D04B-4D0B-99A0-A8E85A2D0251}"
EndProject
Project("{9A19103F-16F7-4668-BE54-9A1E7A4F7556}") = "EmployeeManagement.Model", "EmployeeManagement.Model\EmployeeManagement.Model.csproj", "{8634D7B5-4BDE-48A8-A898-4D09B3519195}"
EndProject
Project("{2150E333-8FDC-42A3-9474-1A3956D46DE8}") = "RESTful.Blazor", "RESTful.Blazor", "{2BA1E9CA-4CF8-4EB8-8E7E-EF62C8D7E546}"
EndProject
Project("{9A19103F-16F7-4668-BE54-9A1E7A4F7556}") = "EmployeeManagement.Web", "EmployeeManagement.Web\EmployeeManagement.Web.csproj", "{B86A15C3-C3CD-4C7B-ABE9-7DEA12DDD62F}"
EndProject
Project("{2150E333-8FDC-42A3-9474-1A3956D46DE8}") = "BlazorBaseSample", "BlazorBaseSample", "{B4478B64-62A0-40C1-985F-9E280DA04E0F}"
EndProject
Project("{9A19103F-16F7-4668-BE54-9A1E7A4F7556}") = "EmployeeManagement.Api", "EmployeeManagement.Api\EmployeeManagement.Api.csproj", "{15B49B31-ACF9-40AB-8BC9-2206EAD22093}"
EndProject
Global
	GlobalSection(SolutionConfigurationPlatforms) = preSolution
		Debug|Any CPU = Debug|Any CPU
		Release|Any CPU = Release|Any CPU
	EndGlobalSection
	GlobalSection(ProjectConfigurationPlatforms) = postSolution
		{25833B52-5E22-4CE6-937E-B69EF7DD0F4A}.Debug|Any CPU.ActiveCfg = Debug|Any CPU
		{25833B52-5E22-4CE6-937E-B69EF7DD0F4A}.Debug|Any CPU.Build.0 = Debug|Any CPU
		{25833B52-5E22-4CE6-937E-B69EF7DD0F4A}.Release|Any CPU.ActiveCfg = Release|Any CPU
		{25833B52-5E22-4CE6-937E-B69EF7DD0F4A}.Release|Any CPU.Build.0 = Release|Any CPU
		{45303BA5-D04B-4D0B-99A0-A8E85A2D0251}.Debug|Any CPU.ActiveCfg = Debug|Any CPU
		{45303BA5-D04B-4D0B-99A0-A8E85A2D0251}.Debug|Any CPU.Build.0 = Debug|Any CPU
		{45303BA5-D04B-4D0B-99A0-A8E85A2D0251}.Release|Any CPU.ActiveCfg = Release|Any CPU
		{45303BA5-D04B-4D0B-99A0-A8E85A2D0251}.Release|Any CPU.Build.0 = Release|Any CPU
		{8634D7B5-4BDE-48A8-A898-4D09B3519195}.Debug|Any CPU.ActiveCfg = Debug|Any CPU
		{8634D7B5-4BDE-48A8-A898-4D09B3519195}.Debug|Any CPU.Build.0 = Debug|Any CPU
		{8634D7B5-4BDE-48A8-A898-4D09B3519195}.Release|Any CPU.ActiveCfg = Release|Any CPU
		{8634D7B5-4BDE-48A8-A898-4D09B3519195}.Release|Any CPU.Build.0 = Release|Any CPU
		{B86A15C3-C3CD-4C7B-ABE9-7DEA12DDD62F}.Debug|Any CPU.ActiveCfg = Debug|Any CPU
		{B86A15C3-C3CD-4C7B-ABE9-7DEA12DDD62F}.Debug|Any CPU.Build.0 = Debug|Any CPU
		{B86A15C3-C3CD-4C7B-ABE9-7DEA12DDD62F}.Release|Any CPU.ActiveCfg = Release|Any CPU
		{B86A15C3-C3CD-4C7B-ABE9-7DEA12DDD62F}.Release|Any CPU.Build.0 = Release|Any CPU
		{15B49B31-ACF9-40AB-8BC9-2206EAD22093}.Debug|Any CPU.ActiveCfg = Debug|Any CPU
		{15B49B31-ACF9-40AB-8BC9-2206EAD22093}.Debug|Any CPU.Build.0 = Debug|Any CPU
		{15B49B31-ACF9-40AB-8BC9-2206EAD22093}.Release|Any CPU.ActiveCfg = Release|Any CPU
		{15B49B31-ACF9-40AB-8BC9-2206EAD22093}.Release|Any CPU.Build.0 = Release|Any CPU
	EndGlobalSection
	GlobalSection(SolutionProperties) = preSolution
		HideSolutionNode = FALSE
	EndGlobalSection
	GlobalSection(NestedProjects) = preSolution
		{25833B52-5E22-4CE6-937E-B69EF7DD0F4A} = {B4478B64-62A0-40C1-985F-9E280DA04E0F}
		{45303BA5-D04B-4D0B-99A0-A8E85A2D0251} = {B4478B64-62A0-40C1-985F-9E280DA04E0F}
		{8634D7B5-4BDE-48A8-A898-4D09B3519195} = {2BA1E9CA-4CF8-4EB8-8E7E-EF62C8D7E546}
		{B86A15C3-C3CD-4C7B-ABE9-7DEA12DDD62F} = {2BA1E9CA-4CF8-4EB8-8E7E-EF62C8D7E546}
		{15B49B31-ACF9-40AB-8BC9-2206EAD22093} = {2BA1E9CA-4CF8-4EB8-8E7E-EF62C8D7E546}
	EndGlobalSection
	GlobalSection(ExtensibilityGlobals) = postSolution
		SolutionGuid = {2CCFEC19-7783-4407-96E7-27E93DD04982}
	EndGlobalSection
EndGlobal
